Microsoft Visual Studio Solution File, Format Version 12.00
# Visual Studio Version 17
VisualStudioVersion = 17.5.2.0
MinimumVisualStudioVersion = 10.0.40219.1
Project("{FAE04EC0-301F-11D3-BF4B-00C04F79EFBC}") = "ppo-project1", "ppo-project1.csproj", "{29E85FC4-9EAB-CA12-2C78-A0E73413AC25}"
EndProject
Global
	GlobalSection(SolutionConfigurationPlatforms) = preSolution
		Debug|Any CPU = Debug|Any CPU
		Release|Any CPU = Release|Any CPU
	EndGlobalSection
	GlobalSection(ProjectConfigurationPlatforms) = postSolution
		{29E85FC4-9EAB-CA12-2C78-A0E73413AC25}.Debug|Any CPU.ActiveCfg = Debug|Any CPU
		{29E85FC4-9EAB-CA12-2C78-A0E73413AC25}.Debug|Any CPU.Build.0 = Debug|Any CPU
		{29E85FC4-9EAB-CA12-2C78-A0E73413AC25}.Release|Any CPU.ActiveCfg = Release|Any CPU
		{29E85FC4-9EAB-CA12-2C78-A0E73413AC25}.Release|Any CPU.Build.0 = Release|Any CPU
	EndGlobalSection
	GlobalSection(SolutionProperties) = preSolution
		HideSolutionNode = FALSE
	EndGlobalSection
	GlobalSection(ExtensibilityGlobals) = postSolution
		SolutionGuid = {D5F4CD97-BE34-4228-8A40-A1A4673D1880}
	EndGlobalSection
EndGlobal
